{
  "name": "opencoven-automations-v1-daemon-canary",
  "lockfileVersion": 3,
  "requires": true,
  "packages": {
    "": {
      "name": "opencoven-automations-v1-daemon-canary",
      "license": "MIT",
      "dependencies": {
        "@opencoven/cli": "0.4.8"
      }
    },
    "node_modules/@opencoven/cli": {
      "version": "0.4.8",
      "resolved": "https://registry.npmjs.org/@opencoven/cli/-/cli-0.4.8.tgz",
      "integrity": "sha512-Wc34U21EKGhy+arHGQgihPLaTYG2HFKMJDN7N7QbaRkfLZ9HnQtJDWkeaQ04XiTJURvS9ltwE9/6aK6dXbz/hQ==",
      "license": "MIT",
      "bin": {
        "coven": "bin/coven.js"
      },
      "engines": {
        "node": ">=18"
      },
      "optionalDependencies": {
        "@opencoven/cli-linux-x64": "0.4.8",
        "@opencoven/cli-macos": "0.4.8",
        "@opencoven/cli-macos-x64": "0.4.8",
        "@opencoven/cli-windows": "0.4.8"
      }
    },
    "node_modules/@opencoven/cli-linux-x64": {
      "version": "0.4.8",
      "resolved": "https://registry.npmjs.org/@opencoven/cli-linux-x64/-/cli-linux-x64-0.4.8.tgz",
      "integrity": "sha512-EHI8VgDj8nhk61X+oHPDXL/y/U0F924FmQ5xqYXtfsPmKTLuAgniLL7GoChUz7mbYAWpPFAbG5VJ7k4M2u8OnQ==",
      "cpu": [
        "x64"
      ],
      "license": "MIT",
      "optional": true,
      "os": [
        "linux"
      ]
    },
    "node_modules/@opencoven/cli-macos": {
      "version": "0.4.8",
      "resolved": "https://registry.npmjs.org/@opencoven/cli-macos/-/cli-macos-0.4.8.tgz",
      "integrity": "sha512-bqblQkSKVxmO08SnooyHocz+UJRJIA5LxdTMO7xesRnkqNS76N+uXhj4/LN/wQKDSnMjCezlqjIB3ofWZxLGPg==",
      "cpu": [
        "arm64"
      ],
      "license": "MIT",
      "optional": true,
      "os": [
        "darwin"
      ]
    },
    "node_modules/@opencoven/cli-macos-x64": {
      "version": "0.4.8",
      "resolved": "https://registry.npmjs.org/@opencoven/cli-macos-x64/-/cli-macos-x64-0.4.8.tgz",
      "integrity": "sha512-fk2wvT2L/kxgGqh1ICVqtixPG6MfGF6blpySQsmcIgnupFlm97jXCluhflFv56K0UuM6VG84n9Bm2RRFkK0A3Q==",
      "cpu": [
        "x64"
      ],
      "license": "MIT",
      "optional": true,
      "os": [
        "darwin"
      ]
    },
    "node_modules/@opencoven/cli-windows": {
      "version": "0.4.8",
      "resolved": "https://registry.npmjs.org/@opencoven/cli-windows/-/cli-windows-0.4.8.tgz",
      "integrity": "sha512-u8oWpZiXuEmjF81lDKen/V7+EVtGo0hni5NFXRRGm8SLFDnykVk0F5zYtDGPahEvhpupfIs48G1VkFkiClhWlg==",
      "cpu": [
        "x64"
      ],
      "license": "MIT",
      "optional": true,
      "os": [
        "win32"
      ]
    }
  }
}
