{
  "name": "opencoven-automations-v1-daemon-canary",
  "lockfileVersion": 3,
  "requires": true,
  "packages": {
    "": {
      "name": "opencoven-automations-v1-daemon-canary",
      "license": "MIT",
      "dependencies": {
        "@opencoven/cli": "0.4.7"
      }
    },
    "node_modules/@opencoven/cli": {
      "version": "0.4.7",
      "resolved": "https://registry.npmjs.org/@opencoven/cli/-/cli-0.4.7.tgz",
      "integrity": "sha512-8sqcYXvCoaJIU+R2wrc9DER6Cva1MicPUeoRH/14I6vekcEKvqbCAhqBzzY92MNN4+qHia1DAFtgZlQ+6C57jw==",
      "license": "MIT",
      "bin": {
        "coven": "bin/coven.js"
      },
      "engines": {
        "node": ">=18"
      },
      "optionalDependencies": {
        "@opencoven/cli-linux-x64": "0.4.7",
        "@opencoven/cli-macos": "0.4.7",
        "@opencoven/cli-macos-x64": "0.4.7",
        "@opencoven/cli-windows": "0.4.7"
      }
    },
    "node_modules/@opencoven/cli-linux-x64": {
      "version": "0.4.7",
      "resolved": "https://registry.npmjs.org/@opencoven/cli-linux-x64/-/cli-linux-x64-0.4.7.tgz",
      "integrity": "sha512-apsrPv4YUTjOcAy+t+Kfp6o2q8EmIiETyX/454H2yB2zJM4sN5ngFZIV+MHZvMpg0TixhRsUhBkKvm1mZXO73g==",
      "cpu": [
        "x64"
      ],
      "license": "MIT",
      "optional": true,
      "os": [
        "linux"
      ]
    },
    "node_modules/@opencoven/cli-macos": {
      "version": "0.4.7",
      "resolved": "https://registry.npmjs.org/@opencoven/cli-macos/-/cli-macos-0.4.7.tgz",
      "integrity": "sha512-zXDTlar/shiaDnH27hb/spk84ve8IiTW+wXQ5Y3bFoHpflRxNsaD4kMh8oRKlndxQnV0BkFcFDpeXg9HBmCF1g==",
      "cpu": [
        "arm64"
      ],
      "license": "MIT",
      "optional": true,
      "os": [
        "darwin"
      ]
    },
    "node_modules/@opencoven/cli-macos-x64": {
      "version": "0.4.7",
      "resolved": "https://registry.npmjs.org/@opencoven/cli-macos-x64/-/cli-macos-x64-0.4.7.tgz",
      "integrity": "sha512-gcnyXQdhgJj90ShGroqw9OS1575T5CsL2mhI+VxGlDHK+LRAZxeJcO63T6YnjyqKr015ytR/xWaTZGToOeuttw==",
      "cpu": [
        "x64"
      ],
      "license": "MIT",
      "optional": true,
      "os": [
        "darwin"
      ]
    },
    "node_modules/@opencoven/cli-windows": {
      "version": "0.4.7",
      "resolved": "https://registry.npmjs.org/@opencoven/cli-windows/-/cli-windows-0.4.7.tgz",
      "integrity": "sha512-g2EyCz4GCX2kivcDECpNLtk8AR7mYYIh6fwWbegUkSIq/oZKQ6Nw5hVcMzCuzdy4Yb8P/FING9NByluD8Q8MtQ==",
      "cpu": [
        "x64"
      ],
      "license": "MIT",
      "optional": true,
      "os": [
        "win32"
      ]
    }
  }
}
